
Microsoft Visual Studio Solution File, Format Version 12.00
# Visual Studio Version 17
VisualStudioVersion = 17.12.35527.113 d17.12
MinimumVisualStudioVersion = 10.0.40219.1
Project("{FAE04EC0-301F-11D3-BF4B-00C04F79EFBC}") = "MediatorTelegramBot", "MediatorTelegramBot.csproj", "{81DB8069-FC6D-43F7-8526-C8FF8B7A84C6}"
EndProject
Global
	GlobalSection(SolutionConfigurationPlatforms) = preSolution
		Debug|Any CPU = Debug|Any CPU
		Release|Any CPU = Release|Any CPU
	EndGlobalSection
	GlobalSection(ProjectConfigurationPlatforms) = postSolution
		{81DB8069-FC6D-43F7-8526-C8FF8B7A84C6}.Debug|Any CPU.ActiveCfg = Debug|Any CPU
		{81DB8069-FC6D-43F7-8526-C8FF8B7A84C6}.Debug|Any CPU.Build.0 = Debug|Any CPU
		{81DB8069-FC6D-43F7-8526-C8FF8B7A84C6}.Release|Any CPU.ActiveCfg = Release|Any CPU
		{81DB8069-FC6D-43F7-8526-C8FF8B7A84C6}.Release|Any CPU.Build.0 = Release|Any CPU
	EndGlobalSection
	GlobalSection(SolutionProperties) = preSolution
		HideSolutionNode = FALSE
	EndGlobalSection
EndGlobal
